
Microsoft Visual Studio Solution File, Format Version 12.00
# Visual Studio Version 17
VisualStudioVersion = 17.3.32825.248
MinimumVisualStudioVersion = 10.0.40219.1
Project("{2150E333-8FDC-42A3-9474-1A3956D46DE8}") = "Solution Items", "Solution Items", "{25BA9AB4-F4F3-4CDC-B13F-A4BB2A27FD41}"
	ProjectSection(SolutionItems) = preProject
		.editorconfig = .editorconfig
		..\Changelog.md = ..\Changelog.md
		Clean.cmd = Clean.cmd
		..\Credits.md = ..\Credits.md
		Directory.Build.props = Directory.Build.props
		..\README.md = ..\README.md
		..\Release-Checklist.md = ..\Release-Checklist.md
		SonarCloud.cmd = SonarCloud.cmd
		stylecop.json = stylecop.json
		..\TestCases.md = ..\TestCases.md
		VersionAssemblyInfo.cs = VersionAssemblyInfo.cs
	EndProjectSection
EndProject
Project("{9A19103F-16F7-4668-BE54-9A1E7A4F7556}") = "WhereToFly.App.UnitTest", "App\UnitTest\WhereToFly.App.UnitTest.csproj", "{BB6FBEF2-D8E4-417D-8CFE-2CF73245DD6D}"
EndProject
Project("{2150E333-8FDC-42A3-9474-1A3956D46DE8}") = "App", "App", "{A443B9B2-B8C9-44F0-A7F5-DF2466E0E0FE}"
EndProject
Project("{2150E333-8FDC-42A3-9474-1A3956D46DE8}") = "Backend", "Backend", "{9CB3A709-CD99-4DBF-B9EE-26705DBDC0CF}"
EndProject
Project("{2150E333-8FDC-42A3-9474-1A3956D46DE8}") = "Shared", "Shared", "{60BE5B8E-A229-488F-A893-379E323EBB3E}"
EndProject
Project("{9A19103F-16F7-4668-BE54-9A1E7A4F7556}") = "WhereToFly.WebApi.Core", "WebApi\Core\WhereToFly.WebApi.Core.csproj", "{426F479B-5751-4453-BBCC-0E48D0E815F9}"
EndProject
Project("{9A19103F-16F7-4668-BE54-9A1E7A4F7556}") = "WhereToFly.WebApi.UnitTest", "WebApi\UnitTest\WhereToFly.WebApi.UnitTest.csproj", "{99D23D89-4557-4624-82EE-9D73551FAB47}"
EndProject
Project("{9A19103F-16F7-4668-BE54-9A1E7A4F7556}") = "WhereToFly.WebApi.Logic", "WebApi\Logic\WhereToFly.WebApi.Logic.csproj", "{BF7BBAC3-21D1-4765-96D9-94E39134303B}"
EndProject
Project("{9A19103F-16F7-4668-BE54-9A1E7A4F7556}") = "WhereToFly.Shared.Model", "Shared\Model\WhereToFly.Shared.Model.csproj", "{552D3E32-9F57-42F8-B144-699492F73536}"
EndProject
Project("{9A19103F-16F7-4668-BE54-9A1E7A4F7556}") = "WhereToFly.App.UITest", "App\UITest\WhereToFly.App.UITest.csproj", "{B19C892E-2628-4CA7-AD27-08D406A3B14B}"
	ProjectSection(ProjectDependencies) = postProject
		{4F0EC297-A5C2-44DA-904A-5A67A9FE30B0} = {4F0EC297-A5C2-44DA-904A-5A67A9FE30B0}
	EndProjectSection
EndProject
Project("{2150E333-8FDC-42A3-9474-1A3956D46DE8}") = "Web", "Web", "{30B9CDF1-6001-4E25-94F4-8B105BE6F2FB}"
EndProject
Project("{9A19103F-16F7-4668-BE54-9A1E7A4F7556}") = "WhereToFly.Web.LiveTracking", "Web\LiveTracking\WhereToFly.Web.LiveTracking.csproj", "{A53C81A5-250A-483C-BF68-D9C565C2305F}"
EndProject
Project("{9A19103F-16F7-4668-BE54-9A1E7A4F7556}") = "WhereToFly.Geo", "Geo\WhereToFly.Geo.csproj", "{C6F67B7C-1893-4E40-8A6D-4665EF86F5B9}"
EndProject
Project("{54A90642-561A-4BB1-A94E-469ADEE60C69}") = "WhereToFly.Shared.WebLib", "Shared\WebLib\WhereToFly.Shared.WebLib.esproj", "{B8A5FD37-AB5E-4641-B9A7-E529167F9496}"
EndProject
Project("{9A19103F-16F7-4668-BE54-9A1E7A4F7556}") = "WhereToFly.App.MapView", "App\MapView\WhereToFly.App.MapView.csproj", "{1D18C7D3-F3F3-4830-953B-6C23814BAC9B}"
EndProject
Project("{9A19103F-16F7-4668-BE54-9A1E7A4F7556}") = "WhereToFly.App.Maui", "App\Maui\WhereToFly.App.Maui.csproj", "{4F0EC297-A5C2-44DA-904A-5A67A9FE30B0}"
EndProject
Project("{9A19103F-16F7-4668-BE54-9A1E7A4F7556}") = "WhereToFly.Geo.UnitTest", "Geo\UnitTest\WhereToFly.Geo.UnitTest.csproj", "{28161F63-9154-428B-90B5-8002316BD3E2}"
EndProject
Project("{54A90642-561A-4BB1-A94E-469ADEE60C69}") = "WhereToFly.Web.LiveTracking.Frontend", "Web\LiveTracking\Frontend\WhereToFly.Web.LiveTracking.Frontend.esproj", "{FD3DA77F-076E-4966-A124-E725238F9DF2}"
EndProject
Global
	GlobalSection(SolutionConfigurationPlatforms) = preSolution
		Debug|Any CPU = Debug|Any CPU
		Release|Any CPU = Release|Any CPU
	EndGlobalSection
	GlobalSection(ProjectConfigurationPlatforms) = postSolution
		{BB6FBEF2-D8E4-417D-8CFE-2CF73245DD6D}.Debug|Any CPU.ActiveCfg = Debug|Any CPU
		{BB6FBEF2-D8E4-417D-8CFE-2CF73245DD6D}.Debug|Any CPU.Build.0 = Debug|Any CPU
		{BB6FBEF2-D8E4-417D-8CFE-2CF73245DD6D}.Release|Any CPU.ActiveCfg = Release|Any CPU
		{BB6FBEF2-D8E4-417D-8CFE-2CF73245DD6D}.Release|Any CPU.Build.0 = Release|Any CPU
		{426F479B-5751-4453-BBCC-0E48D0E815F9}.Debug|Any CPU.ActiveCfg = Debug|Any CPU
		{426F479B-5751-4453-BBCC-0E48D0E815F9}.Debug|Any CPU.Build.0 = Debug|Any CPU
		{426F479B-5751-4453-BBCC-0E48D0E815F9}.Release|Any CPU.ActiveCfg = Release|Any CPU
		{426F479B-5751-4453-BBCC-0E48D0E815F9}.Release|Any CPU.Build.0 = Release|Any CPU
		{99D23D89-4557-4624-82EE-9D73551FAB47}.Debug|Any CPU.ActiveCfg = Debug|Any CPU
		{99D23D89-4557-4624-82EE-9D73551FAB47}.Debug|Any CPU.Build.0 = Debug|Any CPU
		{99D23D89-4557-4624-82EE-9D73551FAB47}.Release|Any CPU.ActiveCfg = Release|Any CPU
		{99D23D89-4557-4624-82EE-9D73551FAB47}.Release|Any CPU.Build.0 = Release|Any CPU
		{BF7BBAC3-21D1-4765-96D9-94E39134303B}.Debug|Any CPU.ActiveCfg = Debug|Any CPU
		{BF7BBAC3-21D1-4765-96D9-94E39134303B}.Debug|Any CPU.Build.0 = Debug|Any CPU
		{BF7BBAC3-21D1-4765-96D9-94E39134303B}.Release|Any CPU.ActiveCfg = Release|Any CPU
		{BF7BBAC3-21D1-4765-96D9-94E39134303B}.Release|Any CPU.Build.0 = Release|Any CPU
		{552D3E32-9F57-42F8-B144-699492F73536}.Debug|Any CPU.ActiveCfg = Debug|Any CPU
		{552D3E32-9F57-42F8-B144-699492F73536}.Debug|Any CPU.Build.0 = Debug|Any CPU
		{552D3E32-9F57-42F8-B144-699492F73536}.Release|Any CPU.ActiveCfg = Release|Any CPU
		{552D3E32-9F57-42F8-B144-699492F73536}.Release|Any CPU.Build.0 = Release|Any CPU
		{B19C892E-2628-4CA7-AD27-08D406A3B14B}.Debug|Any CPU.ActiveCfg = Debug|Any CPU
		{B19C892E-2628-4CA7-AD27-08D406A3B14B}.Debug|Any CPU.Build.0 = Debug|Any CPU
		{B19C892E-2628-4CA7-AD27-08D406A3B14B}.Release|Any CPU.ActiveCfg = Release|Any CPU
		{B19C892E-2628-4CA7-AD27-08D406A3B14B}.Release|Any CPU.Build.0 = Release|Any CPU
		{A53C81A5-250A-483C-BF68-D9C565C2305F}.Debug|Any CPU.ActiveCfg = Debug|Any CPU
		{A53C81A5-250A-483C-BF68-D9C565C2305F}.Debug|Any CPU.Build.0 = Debug|Any CPU
		{A53C81A5-250A-483C-BF68-D9C565C2305F}.Release|Any CPU.ActiveCfg = Release|Any CPU
		{A53C81A5-250A-483C-BF68-D9C565C2305F}.Release|Any CPU.Build.0 = Release|Any CPU
		{C6F67B7C-1893-4E40-8A6D-4665EF86F5B9}.Debug|Any CPU.ActiveCfg = Debug|Any CPU
		{C6F67B7C-1893-4E40-8A6D-4665EF86F5B9}.Debug|Any CPU.Build.0 = Debug|Any CPU
		{C6F67B7C-1893-4E40-8A6D-4665EF86F5B9}.Release|Any CPU.ActiveCfg = Release|Any CPU
		{C6F67B7C-1893-4E40-8A6D-4665EF86F5B9}.Release|Any CPU.Build.0 = Release|Any CPU
		{B8A5FD37-AB5E-4641-B9A7-E529167F9496}.Debug|Any CPU.ActiveCfg = Debug|Any CPU
		{B8A5FD37-AB5E-4641-B9A7-E529167F9496}.Debug|Any CPU.Build.0 = Debug|Any CPU
		{B8A5FD37-AB5E-4641-B9A7-E529167F9496}.Release|Any CPU.ActiveCfg = Release|Any CPU
		{B8A5FD37-AB5E-4641-B9A7-E529167F9496}.Release|Any CPU.Build.0 = Release|Any CPU
		{1D18C7D3-F3F3-4830-953B-6C23814BAC9B}.Debug|Any CPU.ActiveCfg = Debug|Any CPU
		{1D18C7D3-F3F3-4830-953B-6C23814BAC9B}.Debug|Any CPU.Build.0 = Debug|Any CPU
		{1D18C7D3-F3F3-4830-953B-6C23814BAC9B}.Release|Any CPU.ActiveCfg = Release|Any CPU
		{1D18C7D3-F3F3-4830-953B-6C23814BAC9B}.Release|Any CPU.Build.0 = Release|Any CPU
		{4F0EC297-A5C2-44DA-904A-5A67A9FE30B0}.Debug|Any CPU.ActiveCfg = Debug|Any CPU
		{4F0EC297-A5C2-44DA-904A-5A67A9FE30B0}.Debug|Any CPU.Build.0 = Debug|Any CPU
		{4F0EC297-A5C2-44DA-904A-5A67A9FE30B0}.Debug|Any CPU.Deploy.0 = Debug|Any CPU
		{4F0EC297-A5C2-44DA-904A-5A67A9FE30B0}.Release|Any CPU.ActiveCfg = Release|Any CPU
		{4F0EC297-A5C2-44DA-904A-5A67A9FE30B0}.Release|Any CPU.Build.0 = Release|Any CPU
		{4F0EC297-A5C2-44DA-904A-5A67A9FE30B0}.Release|Any CPU.Deploy.0 = Release|Any CPU
		{28161F63-9154-428B-90B5-8002316BD3E2}.Debug|Any CPU.ActiveCfg = Debug|Any CPU
		{28161F63-9154-428B-90B5-8002316BD3E2}.Debug|Any CPU.Build.0 = Debug|Any CPU
		{28161F63-9154-428B-90B5-8002316BD3E2}.Release|Any CPU.ActiveCfg = Release|Any CPU
		{28161F63-9154-428B-90B5-8002316BD3E2}.Release|Any CPU.Build.0 = Release|Any CPU
		{FD3DA77F-076E-4966-A124-E725238F9DF2}.Debug|Any CPU.ActiveCfg = Debug|Any CPU
		{FD3DA77F-076E-4966-A124-E725238F9DF2}.Debug|Any CPU.Build.0 = Debug|Any CPU
		{FD3DA77F-076E-4966-A124-E725238F9DF2}.Debug|Any CPU.Deploy.0 = Debug|Any CPU
		{FD3DA77F-076E-4966-A124-E725238F9DF2}.Release|Any CPU.ActiveCfg = Release|Any CPU
		{FD3DA77F-076E-4966-A124-E725238F9DF2}.Release|Any CPU.Build.0 = Release|Any CPU
		{FD3DA77F-076E-4966-A124-E725238F9DF2}.Release|Any CPU.Deploy.0 = Release|Any CPU
	EndGlobalSection
	GlobalSection(SolutionProperties) = preSolution
		HideSolutionNode = FALSE
	EndGlobalSection
	GlobalSection(NestedProjects) = preSolution
		{BB6FBEF2-D8E4-417D-8CFE-2CF73245DD6D} = {A443B9B2-B8C9-44F0-A7F5-DF2466E0E0FE}
		{426F479B-5751-4453-BBCC-0E48D0E815F9} = {9CB3A709-CD99-4DBF-B9EE-26705DBDC0CF}
		{99D23D89-4557-4624-82EE-9D73551FAB47} = {9CB3A709-CD99-4DBF-B9EE-26705DBDC0CF}
		{BF7BBAC3-21D1-4765-96D9-94E39134303B} = {9CB3A709-CD99-4DBF-B9EE-26705DBDC0CF}
		{552D3E32-9F57-42F8-B144-699492F73536} = {60BE5B8E-A229-488F-A893-379E323EBB3E}
		{B19C892E-2628-4CA7-AD27-08D406A3B14B} = {A443B9B2-B8C9-44F0-A7F5-DF2466E0E0FE}
		{A53C81A5-250A-483C-BF68-D9C565C2305F} = {30B9CDF1-6001-4E25-94F4-8B105BE6F2FB}
		{C6F67B7C-1893-4E40-8A6D-4665EF86F5B9} = {60BE5B8E-A229-488F-A893-379E323EBB3E}
		{B8A5FD37-AB5E-4641-B9A7-E529167F9496} = {60BE5B8E-A229-488F-A893-379E323EBB3E}
		{1D18C7D3-F3F3-4830-953B-6C23814BAC9B} = {A443B9B2-B8C9-44F0-A7F5-DF2466E0E0FE}
		{4F0EC297-A5C2-44DA-904A-5A67A9FE30B0} = {A443B9B2-B8C9-44F0-A7F5-DF2466E0E0FE}
		{28161F63-9154-428B-90B5-8002316BD3E2} = {60BE5B8E-A229-488F-A893-379E323EBB3E}
		{FD3DA77F-076E-4966-A124-E725238F9DF2} = {30B9CDF1-6001-4E25-94F4-8B105BE6F2FB}
	EndGlobalSection
	GlobalSection(ExtensibilityGlobals) = postSolution
		SolutionGuid = {D13F3BD1-E396-49C7-BD98-2F3BC15F6E7C}
	EndGlobalSection
EndGlobal
