
Microsoft Visual Studio Solution File, Format Version 12.00
# Visual Studio Version 16
VisualStudioVersion = 16.0.28729.10
MinimumVisualStudioVersion = 10.0.40219.1
Project("{FAE04EC0-301F-11D3-BF4B-00C04F79EFBC}") = "WhereToFly.App.Android", "App\Android\WhereToFly.App.Android.csproj", "{B7C58A1E-E301-47C7-A9FB-D01B1719D043}"
EndProject
Project("{9A19103F-16F7-4668-BE54-9A1E7A4F7556}") = "WhereToFly.App.Core", "App\Core\WhereToFly.App.Core.csproj", "{01CAFB32-C32B-4E04-B44C-490182F4F31E}"
EndProject
Project("{2150E333-8FDC-42A3-9474-1A3956D46DE8}") = "Solution Items", "Solution Items", "{25BA9AB4-F4F3-4CDC-B13F-A4BB2A27FD41}"
	ProjectSection(SolutionItems) = preProject
		.editorconfig = .editorconfig
		..\Changelog.md = ..\Changelog.md
		..\Credits.md = ..\Credits.md
		Directory.Build.props = Directory.Build.props
		..\README.md = ..\README.md
		..\Release-Checklist.md = ..\Release-Checklist.md
		SonarCloud.cmd = SonarCloud.cmd
		stylecop.json = stylecop.json
		..\TestCases.md = ..\TestCases.md
		..\TODO.md = ..\TODO.md
		VersionAssemblyInfo.cs = VersionAssemblyInfo.cs
		WhereToFly.NpmBuildProject.targets = WhereToFly.NpmBuildProject.targets
	EndProjectSection
EndProject
Project("{9A19103F-16F7-4668-BE54-9A1E7A4F7556}") = "WhereToFly.App.UnitTest", "App\UnitTest\WhereToFly.App.UnitTest.csproj", "{BB6FBEF2-D8E4-417D-8CFE-2CF73245DD6D}"
EndProject
Project("{2150E333-8FDC-42A3-9474-1A3956D46DE8}") = "App", "App", "{A443B9B2-B8C9-44F0-A7F5-DF2466E0E0FE}"
EndProject
Project("{2150E333-8FDC-42A3-9474-1A3956D46DE8}") = "Shared", "Shared", "{60BE5B8E-A229-488F-A893-379E323EBB3E}"
EndProject
Project("{9A19103F-16F7-4668-BE54-9A1E7A4F7556}") = "WhereToFly.Shared.Model", "Shared\Model\WhereToFly.Shared.Model.csproj", "{552D3E32-9F57-42F8-B144-699492F73536}"
EndProject
Project("{9A19103F-16F7-4668-BE54-9A1E7A4F7556}") = "WhereToFly.App.UITest", "App\UITest\WhereToFly.App.UITest.csproj", "{B19C892E-2628-4CA7-AD27-08D406A3B14B}"
	ProjectSection(ProjectDependencies) = postProject
		{B7C58A1E-E301-47C7-A9FB-D01B1719D043} = {B7C58A1E-E301-47C7-A9FB-D01B1719D043}
	EndProjectSection
EndProject
Project("{9A19103F-16F7-4668-BE54-9A1E7A4F7556}") = "WhereToFly.Shared.Base", "Shared\Base\WhereToFly.Shared.Base.csproj", "{96AC92EA-4F83-4A23-80D1-8EE5740D20DF}"
EndProject
Project("{FAE04EC0-301F-11D3-BF4B-00C04F79EFBC}") = "WhereToFly.App.UWP", "App\UWP\WhereToFly.App.UWP.csproj", "{1D3C03EF-701F-4FAB-80B2-1FBEFBC7C8CD}"
EndProject
Project("{9A19103F-16F7-4668-BE54-9A1E7A4F7556}") = "WhereToFly.App.Resources", "App\Resources\WhereToFly.App.Resources.csproj", "{1E10AB3F-0EEF-4B49-8CB6-5526B8D20268}"
EndProject
Project("{9A19103F-16F7-4668-BE54-9A1E7A4F7556}") = "WhereToFly.Geo", "Geo\WhereToFly.Geo.csproj", "{D2D784D3-9893-4649-AFDA-75CE643B4BED}"
EndProject
Project("{9A19103F-16F7-4668-BE54-9A1E7A4F7556}") = "WhereToFly.Shared.WebLib", "Shared\WebLib\WhereToFly.Shared.WebLib.csproj", "{74CF6914-CA78-48CF-8289-2E8CB32EEAF2}"
EndProject
Project("{9A19103F-16F7-4668-BE54-9A1E7A4F7556}") = "WhereToFly.App.MapView", "App\MapView\WhereToFly.App.MapView.csproj", "{4653A8F6-77CD-495D-84DF-FDE19829BA89}"
EndProject
Global
	GlobalSection(SolutionConfigurationPlatforms) = preSolution
		AppCenter|Any CPU = AppCenter|Any CPU
		AppCenter|ARM = AppCenter|ARM
		AppCenter|x64 = AppCenter|x64
		AppCenter|x86 = AppCenter|x86
		Debug|Any CPU = Debug|Any CPU
		Debug|ARM = Debug|ARM
		Debug|x64 = Debug|x64
		Debug|x86 = Debug|x86
		Release|Any CPU = Release|Any CPU
		Release|ARM = Release|ARM
		Release|x64 = Release|x64
		Release|x86 = Release|x86
	EndGlobalSection
	GlobalSection(ProjectConfigurationPlatforms) = postSolution
		{B7C58A1E-E301-47C7-A9FB-D01B1719D043}.AppCenter|Any CPU.ActiveCfg = Release|Any CPU
		{B7C58A1E-E301-47C7-A9FB-D01B1719D043}.AppCenter|Any CPU.Build.0 = Release|Any CPU
		{B7C58A1E-E301-47C7-A9FB-D01B1719D043}.AppCenter|Any CPU.Deploy.0 = Release|Any CPU
		{B7C58A1E-E301-47C7-A9FB-D01B1719D043}.AppCenter|ARM.ActiveCfg = Release|Any CPU
		{B7C58A1E-E301-47C7-A9FB-D01B1719D043}.AppCenter|x64.ActiveCfg = Release|Any CPU
		{B7C58A1E-E301-47C7-A9FB-D01B1719D043}.AppCenter|x86.ActiveCfg = Release|Any CPU
		{B7C58A1E-E301-47C7-A9FB-D01B1719D043}.Debug|Any CPU.ActiveCfg = Debug|Any CPU
		{B7C58A1E-E301-47C7-A9FB-D01B1719D043}.Debug|Any CPU.Build.0 = Debug|Any CPU
		{B7C58A1E-E301-47C7-A9FB-D01B1719D043}.Debug|Any CPU.Deploy.0 = Debug|Any CPU
		{B7C58A1E-E301-47C7-A9FB-D01B1719D043}.Debug|ARM.ActiveCfg = Debug|Any CPU
		{B7C58A1E-E301-47C7-A9FB-D01B1719D043}.Debug|x64.ActiveCfg = Debug|Any CPU
		{B7C58A1E-E301-47C7-A9FB-D01B1719D043}.Debug|x86.ActiveCfg = Debug|Any CPU
		{B7C58A1E-E301-47C7-A9FB-D01B1719D043}.Release|Any CPU.ActiveCfg = Release|Any CPU
		{B7C58A1E-E301-47C7-A9FB-D01B1719D043}.Release|Any CPU.Build.0 = Release|Any CPU
		{B7C58A1E-E301-47C7-A9FB-D01B1719D043}.Release|Any CPU.Deploy.0 = Release|Any CPU
		{B7C58A1E-E301-47C7-A9FB-D01B1719D043}.Release|ARM.ActiveCfg = Release|Any CPU
		{B7C58A1E-E301-47C7-A9FB-D01B1719D043}.Release|x64.ActiveCfg = Release|Any CPU
		{B7C58A1E-E301-47C7-A9FB-D01B1719D043}.Release|x86.ActiveCfg = Release|Any CPU
		{01CAFB32-C32B-4E04-B44C-490182F4F31E}.AppCenter|Any CPU.ActiveCfg = Release|Any CPU
		{01CAFB32-C32B-4E04-B44C-490182F4F31E}.AppCenter|Any CPU.Build.0 = Release|Any CPU
		{01CAFB32-C32B-4E04-B44C-490182F4F31E}.AppCenter|ARM.ActiveCfg = Release|Any CPU
		{01CAFB32-C32B-4E04-B44C-490182F4F31E}.AppCenter|ARM.Build.0 = Release|Any CPU
		{01CAFB32-C32B-4E04-B44C-490182F4F31E}.AppCenter|x64.ActiveCfg = Release|Any CPU
		{01CAFB32-C32B-4E04-B44C-490182F4F31E}.AppCenter|x64.Build.0 = Release|Any CPU
		{01CAFB32-C32B-4E04-B44C-490182F4F31E}.AppCenter|x86.ActiveCfg = Release|Any CPU
		{01CAFB32-C32B-4E04-B44C-490182F4F31E}.AppCenter|x86.Build.0 = Release|Any CPU
		{01CAFB32-C32B-4E04-B44C-490182F4F31E}.Debug|Any CPU.ActiveCfg = Debug|Any CPU
		{01CAFB32-C32B-4E04-B44C-490182F4F31E}.Debug|Any CPU.Build.0 = Debug|Any CPU
		{01CAFB32-C32B-4E04-B44C-490182F4F31E}.Debug|ARM.ActiveCfg = Debug|Any CPU
		{01CAFB32-C32B-4E04-B44C-490182F4F31E}.Debug|ARM.Build.0 = Debug|Any CPU
		{01CAFB32-C32B-4E04-B44C-490182F4F31E}.Debug|x64.ActiveCfg = Debug|Any CPU
		{01CAFB32-C32B-4E04-B44C-490182F4F31E}.Debug|x64.Build.0 = Debug|Any CPU
		{01CAFB32-C32B-4E04-B44C-490182F4F31E}.Debug|x86.ActiveCfg = Debug|Any CPU
		{01CAFB32-C32B-4E04-B44C-490182F4F31E}.Debug|x86.Build.0 = Debug|Any CPU
		{01CAFB32-C32B-4E04-B44C-490182F4F31E}.Release|Any CPU.ActiveCfg = Release|Any CPU
		{01CAFB32-C32B-4E04-B44C-490182F4F31E}.Release|Any CPU.Build.0 = Release|Any CPU
		{01CAFB32-C32B-4E04-B44C-490182F4F31E}.Release|ARM.ActiveCfg = Release|Any CPU
		{01CAFB32-C32B-4E04-B44C-490182F4F31E}.Release|ARM.Build.0 = Release|Any CPU
		{01CAFB32-C32B-4E04-B44C-490182F4F31E}.Release|x64.ActiveCfg = Release|Any CPU
		{01CAFB32-C32B-4E04-B44C-490182F4F31E}.Release|x64.Build.0 = Release|Any CPU
		{01CAFB32-C32B-4E04-B44C-490182F4F31E}.Release|x86.ActiveCfg = Release|Any CPU
		{01CAFB32-C32B-4E04-B44C-490182F4F31E}.Release|x86.Build.0 = Release|Any CPU
		{BB6FBEF2-D8E4-417D-8CFE-2CF73245DD6D}.AppCenter|Any CPU.ActiveCfg = Release|Any CPU
		{BB6FBEF2-D8E4-417D-8CFE-2CF73245DD6D}.AppCenter|ARM.ActiveCfg = Release|Any CPU
		{BB6FBEF2-D8E4-417D-8CFE-2CF73245DD6D}.AppCenter|x64.ActiveCfg = Release|Any CPU
		{BB6FBEF2-D8E4-417D-8CFE-2CF73245DD6D}.AppCenter|x86.ActiveCfg = Release|Any CPU
		{BB6FBEF2-D8E4-417D-8CFE-2CF73245DD6D}.Debug|Any CPU.ActiveCfg = Debug|Any CPU
		{BB6FBEF2-D8E4-417D-8CFE-2CF73245DD6D}.Debug|Any CPU.Build.0 = Debug|Any CPU
		{BB6FBEF2-D8E4-417D-8CFE-2CF73245DD6D}.Debug|ARM.ActiveCfg = Debug|Any CPU
		{BB6FBEF2-D8E4-417D-8CFE-2CF73245DD6D}.Debug|ARM.Build.0 = Debug|Any CPU
		{BB6FBEF2-D8E4-417D-8CFE-2CF73245DD6D}.Debug|x64.ActiveCfg = Debug|Any CPU
		{BB6FBEF2-D8E4-417D-8CFE-2CF73245DD6D}.Debug|x64.Build.0 = Debug|Any CPU
		{BB6FBEF2-D8E4-417D-8CFE-2CF73245DD6D}.Debug|x86.ActiveCfg = Debug|Any CPU
		{BB6FBEF2-D8E4-417D-8CFE-2CF73245DD6D}.Debug|x86.Build.0 = Debug|Any CPU
		{BB6FBEF2-D8E4-417D-8CFE-2CF73245DD6D}.Release|Any CPU.ActiveCfg = Release|Any CPU
		{BB6FBEF2-D8E4-417D-8CFE-2CF73245DD6D}.Release|Any CPU.Build.0 = Release|Any CPU
		{BB6FBEF2-D8E4-417D-8CFE-2CF73245DD6D}.Release|ARM.ActiveCfg = Release|Any CPU
		{BB6FBEF2-D8E4-417D-8CFE-2CF73245DD6D}.Release|ARM.Build.0 = Release|Any CPU
		{BB6FBEF2-D8E4-417D-8CFE-2CF73245DD6D}.Release|x64.ActiveCfg = Release|Any CPU
		{BB6FBEF2-D8E4-417D-8CFE-2CF73245DD6D}.Release|x64.Build.0 = Release|Any CPU
		{BB6FBEF2-D8E4-417D-8CFE-2CF73245DD6D}.Release|x86.ActiveCfg = Release|Any CPU
		{BB6FBEF2-D8E4-417D-8CFE-2CF73245DD6D}.Release|x86.Build.0 = Release|Any CPU
		{552D3E32-9F57-42F8-B144-699492F73536}.AppCenter|Any CPU.ActiveCfg = Release|Any CPU
		{552D3E32-9F57-42F8-B144-699492F73536}.AppCenter|Any CPU.Build.0 = Release|Any CPU
		{552D3E32-9F57-42F8-B144-699492F73536}.AppCenter|ARM.ActiveCfg = Release|Any CPU
		{552D3E32-9F57-42F8-B144-699492F73536}.AppCenter|ARM.Build.0 = Release|Any CPU
		{552D3E32-9F57-42F8-B144-699492F73536}.AppCenter|x64.ActiveCfg = Release|Any CPU
		{552D3E32-9F57-42F8-B144-699492F73536}.AppCenter|x64.Build.0 = Release|Any CPU
		{552D3E32-9F57-42F8-B144-699492F73536}.AppCenter|x86.ActiveCfg = Release|Any CPU
		{552D3E32-9F57-42F8-B144-699492F73536}.AppCenter|x86.Build.0 = Release|Any CPU
		{552D3E32-9F57-42F8-B144-699492F73536}.Debug|Any CPU.ActiveCfg = Debug|Any CPU
		{552D3E32-9F57-42F8-B144-699492F73536}.Debug|Any CPU.Build.0 = Debug|Any CPU
		{552D3E32-9F57-42F8-B144-699492F73536}.Debug|ARM.ActiveCfg = Debug|Any CPU
		{552D3E32-9F57-42F8-B144-699492F73536}.Debug|ARM.Build.0 = Debug|Any CPU
		{552D3E32-9F57-42F8-B144-699492F73536}.Debug|x64.ActiveCfg = Debug|Any CPU
		{552D3E32-9F57-42F8-B144-699492F73536}.Debug|x64.Build.0 = Debug|Any CPU
		{552D3E32-9F57-42F8-B144-699492F73536}.Debug|x86.ActiveCfg = Debug|Any CPU
		{552D3E32-9F57-42F8-B144-699492F73536}.Debug|x86.Build.0 = Debug|Any CPU
		{552D3E32-9F57-42F8-B144-699492F73536}.Release|Any CPU.ActiveCfg = Release|Any CPU
		{552D3E32-9F57-42F8-B144-699492F73536}.Release|Any CPU.Build.0 = Release|Any CPU
		{552D3E32-9F57-42F8-B144-699492F73536}.Release|ARM.ActiveCfg = Release|Any CPU
		{552D3E32-9F57-42F8-B144-699492F73536}.Release|ARM.Build.0 = Release|Any CPU
		{552D3E32-9F57-42F8-B144-699492F73536}.Release|x64.ActiveCfg = Release|Any CPU
		{552D3E32-9F57-42F8-B144-699492F73536}.Release|x64.Build.0 = Release|Any CPU
		{552D3E32-9F57-42F8-B144-699492F73536}.Release|x86.ActiveCfg = Release|Any CPU
		{552D3E32-9F57-42F8-B144-699492F73536}.Release|x86.Build.0 = Release|Any CPU
		{B19C892E-2628-4CA7-AD27-08D406A3B14B}.AppCenter|Any CPU.ActiveCfg = Release|Any CPU
		{B19C892E-2628-4CA7-AD27-08D406A3B14B}.AppCenter|ARM.ActiveCfg = Release|Any CPU
		{B19C892E-2628-4CA7-AD27-08D406A3B14B}.AppCenter|x64.ActiveCfg = Release|Any CPU
		{B19C892E-2628-4CA7-AD27-08D406A3B14B}.AppCenter|x86.ActiveCfg = Release|Any CPU
		{B19C892E-2628-4CA7-AD27-08D406A3B14B}.Debug|Any CPU.ActiveCfg = Debug|Any CPU
		{B19C892E-2628-4CA7-AD27-08D406A3B14B}.Debug|Any CPU.Build.0 = Debug|Any CPU
		{B19C892E-2628-4CA7-AD27-08D406A3B14B}.Debug|ARM.ActiveCfg = Debug|Any CPU
		{B19C892E-2628-4CA7-AD27-08D406A3B14B}.Debug|ARM.Build.0 = Debug|Any CPU
		{B19C892E-2628-4CA7-AD27-08D406A3B14B}.Debug|x64.ActiveCfg = Debug|Any CPU
		{B19C892E-2628-4CA7-AD27-08D406A3B14B}.Debug|x64.Build.0 = Debug|Any CPU
		{B19C892E-2628-4CA7-AD27-08D406A3B14B}.Debug|x86.ActiveCfg = Debug|Any CPU
		{B19C892E-2628-4CA7-AD27-08D406A3B14B}.Debug|x86.Build.0 = Debug|Any CPU
		{B19C892E-2628-4CA7-AD27-08D406A3B14B}.Release|Any CPU.ActiveCfg = Release|Any CPU
		{B19C892E-2628-4CA7-AD27-08D406A3B14B}.Release|Any CPU.Build.0 = Release|Any CPU
		{B19C892E-2628-4CA7-AD27-08D406A3B14B}.Release|ARM.ActiveCfg = Release|Any CPU
		{B19C892E-2628-4CA7-AD27-08D406A3B14B}.Release|ARM.Build.0 = Release|Any CPU
		{B19C892E-2628-4CA7-AD27-08D406A3B14B}.Release|x64.ActiveCfg = Release|Any CPU
		{B19C892E-2628-4CA7-AD27-08D406A3B14B}.Release|x64.Build.0 = Release|Any CPU
		{B19C892E-2628-4CA7-AD27-08D406A3B14B}.Release|x86.ActiveCfg = Release|Any CPU
		{B19C892E-2628-4CA7-AD27-08D406A3B14B}.Release|x86.Build.0 = Release|Any CPU
		{96AC92EA-4F83-4A23-80D1-8EE5740D20DF}.AppCenter|Any CPU.ActiveCfg = Release|Any CPU
		{96AC92EA-4F83-4A23-80D1-8EE5740D20DF}.AppCenter|Any CPU.Build.0 = Release|Any CPU
		{96AC92EA-4F83-4A23-80D1-8EE5740D20DF}.AppCenter|ARM.ActiveCfg = Release|Any CPU
		{96AC92EA-4F83-4A23-80D1-8EE5740D20DF}.AppCenter|ARM.Build.0 = Release|Any CPU
		{96AC92EA-4F83-4A23-80D1-8EE5740D20DF}.AppCenter|x64.ActiveCfg = Release|Any CPU
		{96AC92EA-4F83-4A23-80D1-8EE5740D20DF}.AppCenter|x64.Build.0 = Release|Any CPU
		{96AC92EA-4F83-4A23-80D1-8EE5740D20DF}.AppCenter|x86.ActiveCfg = Release|Any CPU
		{96AC92EA-4F83-4A23-80D1-8EE5740D20DF}.AppCenter|x86.Build.0 = Release|Any CPU
		{96AC92EA-4F83-4A23-80D1-8EE5740D20DF}.Debug|Any CPU.ActiveCfg = Debug|Any CPU
		{96AC92EA-4F83-4A23-80D1-8EE5740D20DF}.Debug|Any CPU.Build.0 = Debug|Any CPU
		{96AC92EA-4F83-4A23-80D1-8EE5740D20DF}.Debug|ARM.ActiveCfg = Debug|Any CPU
		{96AC92EA-4F83-4A23-80D1-8EE5740D20DF}.Debug|ARM.Build.0 = Debug|Any CPU
		{96AC92EA-4F83-4A23-80D1-8EE5740D20DF}.Debug|x64.ActiveCfg = Debug|Any CPU
		{96AC92EA-4F83-4A23-80D1-8EE5740D20DF}.Debug|x64.Build.0 = Debug|Any CPU
		{96AC92EA-4F83-4A23-80D1-8EE5740D20DF}.Debug|x86.ActiveCfg = Debug|Any CPU
		{96AC92EA-4F83-4A23-80D1-8EE5740D20DF}.Debug|x86.Build.0 = Debug|Any CPU
		{96AC92EA-4F83-4A23-80D1-8EE5740D20DF}.Release|Any CPU.ActiveCfg = Release|Any CPU
		{96AC92EA-4F83-4A23-80D1-8EE5740D20DF}.Release|Any CPU.Build.0 = Release|Any CPU
		{96AC92EA-4F83-4A23-80D1-8EE5740D20DF}.Release|ARM.ActiveCfg = Release|Any CPU
		{96AC92EA-4F83-4A23-80D1-8EE5740D20DF}.Release|ARM.Build.0 = Release|Any CPU
		{96AC92EA-4F83-4A23-80D1-8EE5740D20DF}.Release|x64.ActiveCfg = Release|Any CPU
		{96AC92EA-4F83-4A23-80D1-8EE5740D20DF}.Release|x64.Build.0 = Release|Any CPU
		{96AC92EA-4F83-4A23-80D1-8EE5740D20DF}.Release|x86.ActiveCfg = Release|Any CPU
		{96AC92EA-4F83-4A23-80D1-8EE5740D20DF}.Release|x86.Build.0 = Release|Any CPU
		{1D3C03EF-701F-4FAB-80B2-1FBEFBC7C8CD}.AppCenter|Any CPU.ActiveCfg = Release|x64
		{1D3C03EF-701F-4FAB-80B2-1FBEFBC7C8CD}.AppCenter|Any CPU.Build.0 = Release|x64
		{1D3C03EF-701F-4FAB-80B2-1FBEFBC7C8CD}.AppCenter|Any CPU.Deploy.0 = Release|x64
		{1D3C03EF-701F-4FAB-80B2-1FBEFBC7C8CD}.AppCenter|ARM.ActiveCfg = Release|ARM
		{1D3C03EF-701F-4FAB-80B2-1FBEFBC7C8CD}.AppCenter|ARM.Build.0 = Release|ARM
		{1D3C03EF-701F-4FAB-80B2-1FBEFBC7C8CD}.AppCenter|ARM.Deploy.0 = Release|ARM
		{1D3C03EF-701F-4FAB-80B2-1FBEFBC7C8CD}.AppCenter|x64.ActiveCfg = Release|x64
		{1D3C03EF-701F-4FAB-80B2-1FBEFBC7C8CD}.AppCenter|x64.Build.0 = Release|x64
		{1D3C03EF-701F-4FAB-80B2-1FBEFBC7C8CD}.AppCenter|x64.Deploy.0 = Release|x64
		{1D3C03EF-701F-4FAB-80B2-1FBEFBC7C8CD}.AppCenter|x86.ActiveCfg = Release|x86
		{1D3C03EF-701F-4FAB-80B2-1FBEFBC7C8CD}.AppCenter|x86.Build.0 = Release|x86
		{1D3C03EF-701F-4FAB-80B2-1FBEFBC7C8CD}.AppCenter|x86.Deploy.0 = Release|x86
		{1D3C03EF-701F-4FAB-80B2-1FBEFBC7C8CD}.Debug|Any CPU.ActiveCfg = Debug|x64
		{1D3C03EF-701F-4FAB-80B2-1FBEFBC7C8CD}.Debug|Any CPU.Build.0 = Debug|x64
		{1D3C03EF-701F-4FAB-80B2-1FBEFBC7C8CD}.Debug|Any CPU.Deploy.0 = Debug|x64
		{1D3C03EF-701F-4FAB-80B2-1FBEFBC7C8CD}.Debug|ARM.ActiveCfg = Debug|ARM
		{1D3C03EF-701F-4FAB-80B2-1FBEFBC7C8CD}.Debug|ARM.Build.0 = Debug|ARM
		{1D3C03EF-701F-4FAB-80B2-1FBEFBC7C8CD}.Debug|ARM.Deploy.0 = Debug|ARM
		{1D3C03EF-701F-4FAB-80B2-1FBEFBC7C8CD}.Debug|x64.ActiveCfg = Debug|x64
		{1D3C03EF-701F-4FAB-80B2-1FBEFBC7C8CD}.Debug|x64.Build.0 = Debug|x64
		{1D3C03EF-701F-4FAB-80B2-1FBEFBC7C8CD}.Debug|x64.Deploy.0 = Debug|x64
		{1D3C03EF-701F-4FAB-80B2-1FBEFBC7C8CD}.Debug|x86.ActiveCfg = Debug|x86
		{1D3C03EF-701F-4FAB-80B2-1FBEFBC7C8CD}.Debug|x86.Build.0 = Debug|x86
		{1D3C03EF-701F-4FAB-80B2-1FBEFBC7C8CD}.Debug|x86.Deploy.0 = Debug|x86
		{1D3C03EF-701F-4FAB-80B2-1FBEFBC7C8CD}.Release|Any CPU.ActiveCfg = Release|x64
		{1D3C03EF-701F-4FAB-80B2-1FBEFBC7C8CD}.Release|Any CPU.Build.0 = Release|x64
		{1D3C03EF-701F-4FAB-80B2-1FBEFBC7C8CD}.Release|Any CPU.Deploy.0 = Release|x64
		{1D3C03EF-701F-4FAB-80B2-1FBEFBC7C8CD}.Release|ARM.ActiveCfg = Release|ARM
		{1D3C03EF-701F-4FAB-80B2-1FBEFBC7C8CD}.Release|ARM.Build.0 = Release|ARM
		{1D3C03EF-701F-4FAB-80B2-1FBEFBC7C8CD}.Release|ARM.Deploy.0 = Release|ARM
		{1D3C03EF-701F-4FAB-80B2-1FBEFBC7C8CD}.Release|x64.ActiveCfg = Release|x64
		{1D3C03EF-701F-4FAB-80B2-1FBEFBC7C8CD}.Release|x64.Build.0 = Release|x64
		{1D3C03EF-701F-4FAB-80B2-1FBEFBC7C8CD}.Release|x64.Deploy.0 = Release|x64
		{1D3C03EF-701F-4FAB-80B2-1FBEFBC7C8CD}.Release|x86.ActiveCfg = Release|x86
		{1D3C03EF-701F-4FAB-80B2-1FBEFBC7C8CD}.Release|x86.Build.0 = Release|x86
		{1D3C03EF-701F-4FAB-80B2-1FBEFBC7C8CD}.Release|x86.Deploy.0 = Release|x86
		{1E10AB3F-0EEF-4B49-8CB6-5526B8D20268}.AppCenter|Any CPU.ActiveCfg = Release|Any CPU
		{1E10AB3F-0EEF-4B49-8CB6-5526B8D20268}.AppCenter|Any CPU.Build.0 = Release|Any CPU
		{1E10AB3F-0EEF-4B49-8CB6-5526B8D20268}.AppCenter|ARM.ActiveCfg = Release|Any CPU
		{1E10AB3F-0EEF-4B49-8CB6-5526B8D20268}.AppCenter|ARM.Build.0 = Release|Any CPU
		{1E10AB3F-0EEF-4B49-8CB6-5526B8D20268}.AppCenter|x64.ActiveCfg = Release|Any CPU
		{1E10AB3F-0EEF-4B49-8CB6-5526B8D20268}.AppCenter|x64.Build.0 = Release|Any CPU
		{1E10AB3F-0EEF-4B49-8CB6-5526B8D20268}.AppCenter|x86.ActiveCfg = Release|Any CPU
		{1E10AB3F-0EEF-4B49-8CB6-5526B8D20268}.AppCenter|x86.Build.0 = Release|Any CPU
		{1E10AB3F-0EEF-4B49-8CB6-5526B8D20268}.Debug|Any CPU.ActiveCfg = Debug|Any CPU
		{1E10AB3F-0EEF-4B49-8CB6-5526B8D20268}.Debug|Any CPU.Build.0 = Debug|Any CPU
		{1E10AB3F-0EEF-4B49-8CB6-5526B8D20268}.Debug|ARM.ActiveCfg = Debug|Any CPU
		{1E10AB3F-0EEF-4B49-8CB6-5526B8D20268}.Debug|ARM.Build.0 = Debug|Any CPU
		{1E10AB3F-0EEF-4B49-8CB6-5526B8D20268}.Debug|x64.ActiveCfg = Debug|Any CPU
		{1E10AB3F-0EEF-4B49-8CB6-5526B8D20268}.Debug|x64.Build.0 = Debug|Any CPU
		{1E10AB3F-0EEF-4B49-8CB6-5526B8D20268}.Debug|x86.ActiveCfg = Debug|Any CPU
		{1E10AB3F-0EEF-4B49-8CB6-5526B8D20268}.Debug|x86.Build.0 = Debug|Any CPU
		{1E10AB3F-0EEF-4B49-8CB6-5526B8D20268}.Release|Any CPU.ActiveCfg = Release|Any CPU
		{1E10AB3F-0EEF-4B49-8CB6-5526B8D20268}.Release|Any CPU.Build.0 = Release|Any CPU
		{1E10AB3F-0EEF-4B49-8CB6-5526B8D20268}.Release|ARM.ActiveCfg = Release|Any CPU
		{1E10AB3F-0EEF-4B49-8CB6-5526B8D20268}.Release|ARM.Build.0 = Release|Any CPU
		{1E10AB3F-0EEF-4B49-8CB6-5526B8D20268}.Release|x64.ActiveCfg = Release|Any CPU
		{1E10AB3F-0EEF-4B49-8CB6-5526B8D20268}.Release|x64.Build.0 = Release|Any CPU
		{1E10AB3F-0EEF-4B49-8CB6-5526B8D20268}.Release|x86.ActiveCfg = Release|Any CPU
		{1E10AB3F-0EEF-4B49-8CB6-5526B8D20268}.Release|x86.Build.0 = Release|Any CPU
		{D2D784D3-9893-4649-AFDA-75CE643B4BED}.AppCenter|Any CPU.ActiveCfg = Debug|Any CPU
		{D2D784D3-9893-4649-AFDA-75CE643B4BED}.AppCenter|Any CPU.Build.0 = Debug|Any CPU
		{D2D784D3-9893-4649-AFDA-75CE643B4BED}.AppCenter|ARM.ActiveCfg = Debug|Any CPU
		{D2D784D3-9893-4649-AFDA-75CE643B4BED}.AppCenter|ARM.Build.0 = Debug|Any CPU
		{D2D784D3-9893-4649-AFDA-75CE643B4BED}.AppCenter|x64.ActiveCfg = Debug|Any CPU
		{D2D784D3-9893-4649-AFDA-75CE643B4BED}.AppCenter|x64.Build.0 = Debug|Any CPU
		{D2D784D3-9893-4649-AFDA-75CE643B4BED}.AppCenter|x86.ActiveCfg = Debug|Any CPU
		{D2D784D3-9893-4649-AFDA-75CE643B4BED}.AppCenter|x86.Build.0 = Debug|Any CPU
		{D2D784D3-9893-4649-AFDA-75CE643B4BED}.Debug|Any CPU.ActiveCfg = Debug|Any CPU
		{D2D784D3-9893-4649-AFDA-75CE643B4BED}.Debug|Any CPU.Build.0 = Debug|Any CPU
		{D2D784D3-9893-4649-AFDA-75CE643B4BED}.Debug|ARM.ActiveCfg = Debug|Any CPU
		{D2D784D3-9893-4649-AFDA-75CE643B4BED}.Debug|ARM.Build.0 = Debug|Any CPU
		{D2D784D3-9893-4649-AFDA-75CE643B4BED}.Debug|x64.ActiveCfg = Debug|Any CPU
		{D2D784D3-9893-4649-AFDA-75CE643B4BED}.Debug|x64.Build.0 = Debug|Any CPU
		{D2D784D3-9893-4649-AFDA-75CE643B4BED}.Debug|x86.ActiveCfg = Debug|Any CPU
		{D2D784D3-9893-4649-AFDA-75CE643B4BED}.Debug|x86.Build.0 = Debug|Any CPU
		{D2D784D3-9893-4649-AFDA-75CE643B4BED}.Release|Any CPU.ActiveCfg = Release|Any CPU
		{D2D784D3-9893-4649-AFDA-75CE643B4BED}.Release|Any CPU.Build.0 = Release|Any CPU
		{D2D784D3-9893-4649-AFDA-75CE643B4BED}.Release|ARM.ActiveCfg = Release|Any CPU
		{D2D784D3-9893-4649-AFDA-75CE643B4BED}.Release|ARM.Build.0 = Release|Any CPU
		{D2D784D3-9893-4649-AFDA-75CE643B4BED}.Release|x64.ActiveCfg = Release|Any CPU
		{D2D784D3-9893-4649-AFDA-75CE643B4BED}.Release|x64.Build.0 = Release|Any CPU
		{D2D784D3-9893-4649-AFDA-75CE643B4BED}.Release|x86.ActiveCfg = Release|Any CPU
		{D2D784D3-9893-4649-AFDA-75CE643B4BED}.Release|x86.Build.0 = Release|Any CPU
		{74CF6914-CA78-48CF-8289-2E8CB32EEAF2}.AppCenter|Any CPU.ActiveCfg = Release|Any CPU
		{74CF6914-CA78-48CF-8289-2E8CB32EEAF2}.AppCenter|Any CPU.Build.0 = Release|Any CPU
		{74CF6914-CA78-48CF-8289-2E8CB32EEAF2}.AppCenter|ARM.ActiveCfg = Release|Any CPU
		{74CF6914-CA78-48CF-8289-2E8CB32EEAF2}.AppCenter|ARM.Build.0 = Release|Any CPU
		{74CF6914-CA78-48CF-8289-2E8CB32EEAF2}.AppCenter|x64.ActiveCfg = Release|Any CPU
		{74CF6914-CA78-48CF-8289-2E8CB32EEAF2}.AppCenter|x64.Build.0 = Release|Any CPU
		{74CF6914-CA78-48CF-8289-2E8CB32EEAF2}.AppCenter|x86.ActiveCfg = Release|Any CPU
		{74CF6914-CA78-48CF-8289-2E8CB32EEAF2}.AppCenter|x86.Build.0 = Release|Any CPU
		{74CF6914-CA78-48CF-8289-2E8CB32EEAF2}.Debug|Any CPU.ActiveCfg = Debug|Any CPU
		{74CF6914-CA78-48CF-8289-2E8CB32EEAF2}.Debug|Any CPU.Build.0 = Debug|Any CPU
		{74CF6914-CA78-48CF-8289-2E8CB32EEAF2}.Debug|ARM.ActiveCfg = Debug|Any CPU
		{74CF6914-CA78-48CF-8289-2E8CB32EEAF2}.Debug|ARM.Build.0 = Debug|Any CPU
		{74CF6914-CA78-48CF-8289-2E8CB32EEAF2}.Debug|x64.ActiveCfg = Debug|Any CPU
		{74CF6914-CA78-48CF-8289-2E8CB32EEAF2}.Debug|x64.Build.0 = Debug|Any CPU
		{74CF6914-CA78-48CF-8289-2E8CB32EEAF2}.Debug|x86.ActiveCfg = Debug|Any CPU
		{74CF6914-CA78-48CF-8289-2E8CB32EEAF2}.Debug|x86.Build.0 = Debug|Any CPU
		{74CF6914-CA78-48CF-8289-2E8CB32EEAF2}.Release|Any CPU.ActiveCfg = Release|Any CPU
		{74CF6914-CA78-48CF-8289-2E8CB32EEAF2}.Release|Any CPU.Build.0 = Release|Any CPU
		{74CF6914-CA78-48CF-8289-2E8CB32EEAF2}.Release|ARM.ActiveCfg = Release|Any CPU
		{74CF6914-CA78-48CF-8289-2E8CB32EEAF2}.Release|ARM.Build.0 = Release|Any CPU
		{74CF6914-CA78-48CF-8289-2E8CB32EEAF2}.Release|x64.ActiveCfg = Release|Any CPU
		{74CF6914-CA78-48CF-8289-2E8CB32EEAF2}.Release|x64.Build.0 = Release|Any CPU
		{74CF6914-CA78-48CF-8289-2E8CB32EEAF2}.Release|x86.ActiveCfg = Release|Any CPU
		{74CF6914-CA78-48CF-8289-2E8CB32EEAF2}.Release|x86.Build.0 = Release|Any CPU
		{4653A8F6-77CD-495D-84DF-FDE19829BA89}.AppCenter|Any CPU.ActiveCfg = Release|Any CPU
		{4653A8F6-77CD-495D-84DF-FDE19829BA89}.AppCenter|Any CPU.Build.0 = Release|Any CPU
		{4653A8F6-77CD-495D-84DF-FDE19829BA89}.AppCenter|ARM.ActiveCfg = Release|Any CPU
		{4653A8F6-77CD-495D-84DF-FDE19829BA89}.AppCenter|ARM.Build.0 = Release|Any CPU
		{4653A8F6-77CD-495D-84DF-FDE19829BA89}.AppCenter|x64.ActiveCfg = Release|Any CPU
		{4653A8F6-77CD-495D-84DF-FDE19829BA89}.AppCenter|x64.Build.0 = Release|Any CPU
		{4653A8F6-77CD-495D-84DF-FDE19829BA89}.AppCenter|x86.ActiveCfg = Release|Any CPU
		{4653A8F6-77CD-495D-84DF-FDE19829BA89}.AppCenter|x86.Build.0 = Release|Any CPU
		{4653A8F6-77CD-495D-84DF-FDE19829BA89}.Debug|Any CPU.ActiveCfg = Debug|Any CPU
		{4653A8F6-77CD-495D-84DF-FDE19829BA89}.Debug|Any CPU.Build.0 = Debug|Any CPU
		{4653A8F6-77CD-495D-84DF-FDE19829BA89}.Debug|ARM.ActiveCfg = Debug|Any CPU
		{4653A8F6-77CD-495D-84DF-FDE19829BA89}.Debug|ARM.Build.0 = Debug|Any CPU
		{4653A8F6-77CD-495D-84DF-FDE19829BA89}.Debug|x64.ActiveCfg = Debug|Any CPU
		{4653A8F6-77CD-495D-84DF-FDE19829BA89}.Debug|x64.Build.0 = Debug|Any CPU
		{4653A8F6-77CD-495D-84DF-FDE19829BA89}.Debug|x86.ActiveCfg = Debug|Any CPU
		{4653A8F6-77CD-495D-84DF-FDE19829BA89}.Debug|x86.Build.0 = Debug|Any CPU
		{4653A8F6-77CD-495D-84DF-FDE19829BA89}.Release|Any CPU.ActiveCfg = Release|Any CPU
		{4653A8F6-77CD-495D-84DF-FDE19829BA89}.Release|Any CPU.Build.0 = Release|Any CPU
		{4653A8F6-77CD-495D-84DF-FDE19829BA89}.Release|ARM.ActiveCfg = Release|Any CPU
		{4653A8F6-77CD-495D-84DF-FDE19829BA89}.Release|ARM.Build.0 = Release|Any CPU
		{4653A8F6-77CD-495D-84DF-FDE19829BA89}.Release|x64.ActiveCfg = Release|Any CPU
		{4653A8F6-77CD-495D-84DF-FDE19829BA89}.Release|x64.Build.0 = Release|Any CPU
		{4653A8F6-77CD-495D-84DF-FDE19829BA89}.Release|x86.ActiveCfg = Release|Any CPU
		{4653A8F6-77CD-495D-84DF-FDE19829BA89}.Release|x86.Build.0 = Release|Any CPU
	EndGlobalSection
	GlobalSection(SolutionProperties) = preSolution
		HideSolutionNode = FALSE
	EndGlobalSection
	GlobalSection(NestedProjects) = preSolution
		{B7C58A1E-E301-47C7-A9FB-D01B1719D043} = {A443B9B2-B8C9-44F0-A7F5-DF2466E0E0FE}
		{01CAFB32-C32B-4E04-B44C-490182F4F31E} = {A443B9B2-B8C9-44F0-A7F5-DF2466E0E0FE}
		{BB6FBEF2-D8E4-417D-8CFE-2CF73245DD6D} = {A443B9B2-B8C9-44F0-A7F5-DF2466E0E0FE}
		{552D3E32-9F57-42F8-B144-699492F73536} = {60BE5B8E-A229-488F-A893-379E323EBB3E}
		{B19C892E-2628-4CA7-AD27-08D406A3B14B} = {A443B9B2-B8C9-44F0-A7F5-DF2466E0E0FE}
		{96AC92EA-4F83-4A23-80D1-8EE5740D20DF} = {60BE5B8E-A229-488F-A893-379E323EBB3E}
		{1D3C03EF-701F-4FAB-80B2-1FBEFBC7C8CD} = {A443B9B2-B8C9-44F0-A7F5-DF2466E0E0FE}
		{1E10AB3F-0EEF-4B49-8CB6-5526B8D20268} = {A443B9B2-B8C9-44F0-A7F5-DF2466E0E0FE}
		{D2D784D3-9893-4649-AFDA-75CE643B4BED} = {60BE5B8E-A229-488F-A893-379E323EBB3E}
		{74CF6914-CA78-48CF-8289-2E8CB32EEAF2} = {60BE5B8E-A229-488F-A893-379E323EBB3E}
		{4653A8F6-77CD-495D-84DF-FDE19829BA89} = {A443B9B2-B8C9-44F0-A7F5-DF2466E0E0FE}
	EndGlobalSection
	GlobalSection(ExtensibilityGlobals) = postSolution
		SolutionGuid = {D13F3BD1-E396-49C7-BD98-2F3BC15F6E7C}
	EndGlobalSection
EndGlobal
