
Microsoft Visual Studio Solution File, Format Version 12.00
# Visual Studio 15
VisualStudioVersion = 15.0.27130.2010
MinimumVisualStudioVersion = 10.0.40219.1
Project("{FAE04EC0-301F-11D3-BF4B-00C04F79EFBC}") = "WhereToFly.Android", "Android\WhereToFly.Android.csproj", "{B7C58A1E-E301-47C7-A9FB-D01B1719D043}"
EndProject
Project("{9A19103F-16F7-4668-BE54-9A1E7A4F7556}") = "WhereToFly.Core", "Core\WhereToFly.Core.csproj", "{01CAFB32-C32B-4E04-B44C-490182F4F31E}"
EndProject
Project("{9A19103F-16F7-4668-BE54-9A1E7A4F7556}") = "WhereToFly.Logic", "Logic\WhereToFly.Logic.csproj", "{D8B7A38E-6E38-4CC4-A254-80BFBAA262C0}"
EndProject
Project("{2150E333-8FDC-42A3-9474-1A3956D46DE8}") = "Solution Files", "Solution Files", "{25BA9AB4-F4F3-4CDC-B13F-A4BB2A27FD41}"
	ProjectSection(SolutionItems) = preProject
		..\Credits.md = ..\Credits.md
		..\README.md = ..\README.md
		Settings.StyleCop = Settings.StyleCop
		..\TODO.md = ..\TODO.md
	EndProjectSection
EndProject
Project("{FAE04EC0-301F-11D3-BF4B-00C04F79EFBC}") = "WhereToFly.UnitTest", "UnitTest\WhereToFly.UnitTest.csproj", "{BB6FBEF2-D8E4-417D-8CFE-2CF73245DD6D}"
EndProject
Project("{9A19103F-16F7-4668-BE54-9A1E7A4F7556}") = "WhereToFly.Geo", "Geo\WhereToFly.Geo.csproj", "{F6B9C753-C5FF-4079-A92B-79911755B3C5}"
EndProject
Project("{2150E333-8FDC-42A3-9474-1A3956D46DE8}") = "App", "App", "{A443B9B2-B8C9-44F0-A7F5-DF2466E0E0FE}"
EndProject
Project("{2150E333-8FDC-42A3-9474-1A3956D46DE8}") = "Backend", "Backend", "{9CB3A709-CD99-4DBF-B9EE-26705DBDC0CF}"
EndProject
Project("{2150E333-8FDC-42A3-9474-1A3956D46DE8}") = "Shared", "Shared", "{60BE5B8E-A229-488F-A893-379E323EBB3E}"
EndProject
Project("{9A19103F-16F7-4668-BE54-9A1E7A4F7556}") = "WhereToFly.WebApi.LiveWaypoints", "WebApi\LiveWaypoints\WhereToFly.WebApi.LiveWaypoints.csproj", "{426F479B-5751-4453-BBCC-0E48D0E815F9}"
EndProject
Project("{9A19103F-16F7-4668-BE54-9A1E7A4F7556}") = "WhereToFly.WebApi.Model", "WebApi\Model\WhereToFly.WebApi.Model.csproj", "{2B1CC76F-1A78-4279-86B5-6EF96881F984}"
EndProject
Project("{9A19103F-16F7-4668-BE54-9A1E7A4F7556}") = "WhereToFly.WebApi.UnitTest", "WebApi\UnitTest\WhereToFly.WebApi.UnitTest.csproj", "{99D23D89-4557-4624-82EE-9D73551FAB47}"
EndProject
Global
	GlobalSection(SolutionConfigurationPlatforms) = preSolution
		Debug|Any CPU = Debug|Any CPU
		Release|Any CPU = Release|Any CPU
	EndGlobalSection
	GlobalSection(ProjectConfigurationPlatforms) = postSolution
		{B7C58A1E-E301-47C7-A9FB-D01B1719D043}.Debug|Any CPU.ActiveCfg = Debug|Any CPU
		{B7C58A1E-E301-47C7-A9FB-D01B1719D043}.Debug|Any CPU.Build.0 = Debug|Any CPU
		{B7C58A1E-E301-47C7-A9FB-D01B1719D043}.Debug|Any CPU.Deploy.0 = Debug|Any CPU
		{B7C58A1E-E301-47C7-A9FB-D01B1719D043}.Release|Any CPU.ActiveCfg = Release|Any CPU
		{B7C58A1E-E301-47C7-A9FB-D01B1719D043}.Release|Any CPU.Build.0 = Release|Any CPU
		{B7C58A1E-E301-47C7-A9FB-D01B1719D043}.Release|Any CPU.Deploy.0 = Release|Any CPU
		{01CAFB32-C32B-4E04-B44C-490182F4F31E}.Debug|Any CPU.ActiveCfg = Debug|Any CPU
		{01CAFB32-C32B-4E04-B44C-490182F4F31E}.Debug|Any CPU.Build.0 = Debug|Any CPU
		{01CAFB32-C32B-4E04-B44C-490182F4F31E}.Release|Any CPU.ActiveCfg = Release|Any CPU
		{01CAFB32-C32B-4E04-B44C-490182F4F31E}.Release|Any CPU.Build.0 = Release|Any CPU
		{D8B7A38E-6E38-4CC4-A254-80BFBAA262C0}.Debug|Any CPU.ActiveCfg = Debug|Any CPU
		{D8B7A38E-6E38-4CC4-A254-80BFBAA262C0}.Debug|Any CPU.Build.0 = Debug|Any CPU
		{D8B7A38E-6E38-4CC4-A254-80BFBAA262C0}.Release|Any CPU.ActiveCfg = Release|Any CPU
		{D8B7A38E-6E38-4CC4-A254-80BFBAA262C0}.Release|Any CPU.Build.0 = Release|Any CPU
		{BB6FBEF2-D8E4-417D-8CFE-2CF73245DD6D}.Debug|Any CPU.ActiveCfg = Debug|Any CPU
		{BB6FBEF2-D8E4-417D-8CFE-2CF73245DD6D}.Debug|Any CPU.Build.0 = Debug|Any CPU
		{BB6FBEF2-D8E4-417D-8CFE-2CF73245DD6D}.Release|Any CPU.ActiveCfg = Release|Any CPU
		{BB6FBEF2-D8E4-417D-8CFE-2CF73245DD6D}.Release|Any CPU.Build.0 = Release|Any CPU
		{F6B9C753-C5FF-4079-A92B-79911755B3C5}.Debug|Any CPU.ActiveCfg = Debug|Any CPU
		{F6B9C753-C5FF-4079-A92B-79911755B3C5}.Debug|Any CPU.Build.0 = Debug|Any CPU
		{F6B9C753-C5FF-4079-A92B-79911755B3C5}.Release|Any CPU.ActiveCfg = Release|Any CPU
		{F6B9C753-C5FF-4079-A92B-79911755B3C5}.Release|Any CPU.Build.0 = Release|Any CPU
		{426F479B-5751-4453-BBCC-0E48D0E815F9}.Debug|Any CPU.ActiveCfg = Debug|Any CPU
		{426F479B-5751-4453-BBCC-0E48D0E815F9}.Debug|Any CPU.Build.0 = Debug|Any CPU
		{426F479B-5751-4453-BBCC-0E48D0E815F9}.Release|Any CPU.ActiveCfg = Release|Any CPU
		{426F479B-5751-4453-BBCC-0E48D0E815F9}.Release|Any CPU.Build.0 = Release|Any CPU
		{2B1CC76F-1A78-4279-86B5-6EF96881F984}.Debug|Any CPU.ActiveCfg = Debug|Any CPU
		{2B1CC76F-1A78-4279-86B5-6EF96881F984}.Debug|Any CPU.Build.0 = Debug|Any CPU
		{2B1CC76F-1A78-4279-86B5-6EF96881F984}.Release|Any CPU.ActiveCfg = Release|Any CPU
		{2B1CC76F-1A78-4279-86B5-6EF96881F984}.Release|Any CPU.Build.0 = Release|Any CPU
		{99D23D89-4557-4624-82EE-9D73551FAB47}.Debug|Any CPU.ActiveCfg = Debug|Any CPU
		{99D23D89-4557-4624-82EE-9D73551FAB47}.Debug|Any CPU.Build.0 = Debug|Any CPU
		{99D23D89-4557-4624-82EE-9D73551FAB47}.Release|Any CPU.ActiveCfg = Release|Any CPU
		{99D23D89-4557-4624-82EE-9D73551FAB47}.Release|Any CPU.Build.0 = Release|Any CPU
	EndGlobalSection
	GlobalSection(SolutionProperties) = preSolution
		HideSolutionNode = FALSE
	EndGlobalSection
	GlobalSection(NestedProjects) = preSolution
		{B7C58A1E-E301-47C7-A9FB-D01B1719D043} = {A443B9B2-B8C9-44F0-A7F5-DF2466E0E0FE}
		{01CAFB32-C32B-4E04-B44C-490182F4F31E} = {A443B9B2-B8C9-44F0-A7F5-DF2466E0E0FE}
		{D8B7A38E-6E38-4CC4-A254-80BFBAA262C0} = {A443B9B2-B8C9-44F0-A7F5-DF2466E0E0FE}
		{BB6FBEF2-D8E4-417D-8CFE-2CF73245DD6D} = {A443B9B2-B8C9-44F0-A7F5-DF2466E0E0FE}
		{F6B9C753-C5FF-4079-A92B-79911755B3C5} = {A443B9B2-B8C9-44F0-A7F5-DF2466E0E0FE}
		{426F479B-5751-4453-BBCC-0E48D0E815F9} = {9CB3A709-CD99-4DBF-B9EE-26705DBDC0CF}
		{2B1CC76F-1A78-4279-86B5-6EF96881F984} = {9CB3A709-CD99-4DBF-B9EE-26705DBDC0CF}
		{99D23D89-4557-4624-82EE-9D73551FAB47} = {9CB3A709-CD99-4DBF-B9EE-26705DBDC0CF}
	EndGlobalSection
	GlobalSection(ExtensibilityGlobals) = postSolution
		SolutionGuid = {D13F3BD1-E396-49C7-BD98-2F3BC15F6E7C}
	EndGlobalSection
EndGlobal
